
Microsoft Visual Studio Solution File, Format Version 12.00
# Visual Studio Version 17
VisualStudioVersion = 17.13.35931.197 d17.13
MinimumVisualStudioVersion = 10.0.40219.1
Project("{FAE04EC0-301F-11D3-BF4B-00C04F79EFBC}") = "HospitalDocs", "HospitalDocs.csproj", "{A58BE118-01C8-47C9-8B63-BD92E6EB4FBC}"
EndProject
Global
	GlobalSection(SolutionConfigurationPlatforms) = preSolution
		Debug|Any CPU = Debug|Any CPU
		Release|Any CPU = Release|Any CPU
	EndGlobalSection
	GlobalSection(ProjectConfigurationPlatforms) = postSolution
		{A58BE118-01C8-47C9-8B63-BD92E6EB4FBC}.Debug|Any CPU.ActiveCfg = Debug|Any CPU
		{A58BE118-01C8-47C9-8B63-BD92E6EB4FBC}.Debug|Any CPU.Build.0 = Debug|Any CPU
		{A58BE118-01C8-47C9-8B63-BD92E6EB4FBC}.Release|Any CPU.ActiveCfg = Release|Any CPU
		{A58BE118-01C8-47C9-8B63-BD92E6EB4FBC}.Release|Any CPU.Build.0 = Release|Any CPU
	EndGlobalSection
	GlobalSection(SolutionProperties) = preSolution
		HideSolutionNode = FALSE
	EndGlobalSection
	GlobalSection(ExtensibilityGlobals) = postSolution
		SolutionGuid = {7FF78793-8E57-4908-96A7-95D4EBC6290D}
	EndGlobalSection
EndGlobal
